{
    "name": "src",
    "lockfileVersion": 3,
    "requires": true,
    "packages": {
        "": {
            "dependencies": {
                "@seahsky/chartjs-plugin-autocolors": "^0.2.6",
                "bootstrap": "^5.3.7",
                "bootstrap-icons": "^1.13.1",
                "bootstrap-table": "^1.24.1",
                "chart.js": "^4.5.0",
                "chartjs-adapter-luxon": "^1.3.1",
                "chartjs-plugin-zoom": "^2.2.0",
                "jquery": "^3.7.1",
                "luxon": "^3.7.0"
            }
        },
        "node_modules/@kurkle/color": {
            "version": "0.3.4",
            "resolved": "https://registry.npmjs.org/@kurkle/color/-/color-0.3.4.tgz",
            "integrity": "sha512-M5UknZPHRu3DEDWoipU6sE8PdkZ6Z/S+v4dD+Ke8IaNlpdSQah50lz1KtcFBa2vsdOnwbbnxJwVM4wty6udA5w==",
            "license": "MIT"
        },
        "node_modules/@popperjs/core": {
            "version": "2.11.8",
            "resolved": "https://registry.npmjs.org/@popperjs/core/-/core-2.11.8.tgz",
            "integrity": "sha512-P1st0aksCrn9sGZhp8GMYwBnQsbvAWsZAX44oXNNvLHGqAOcoVxmjZiohstwQ7SqKnbR47akdNi+uleWD8+g6A==",
            "license": "MIT",
            "peer": true,
            "funding": {
                "type": "opencollective",
                "url": "https://opencollective.com/popperjs"
            }
        },
        "node_modules/@seahsky/chartjs-plugin-autocolors": {
            "version": "0.2.6",
            "resolved": "https://registry.npmjs.org/@seahsky/chartjs-plugin-autocolors/-/chartjs-plugin-autocolors-0.2.6.tgz",
            "integrity": "sha512-YG7JbgATZZXgJLH7K+Tx5poTpM+PV7GTmlUpZKKD0+Y54GnO+mgLad/eRIntnX3sfxlRC/8R3VUwQX48DylPPg==",
            "license": "MIT",
            "peerDependencies": {
                "@kurkle/color": "^0.3.1",
                "chart.js": ">=2"
            }
        },
        "node_modules/@types/hammerjs": {
            "version": "2.0.46",
            "resolved": "https://registry.npmjs.org/@types/hammerjs/-/hammerjs-2.0.46.tgz",
            "integrity": "sha512-ynRvcq6wvqexJ9brDMS4BnBLzmr0e14d6ZJTEShTBWKymQiHwlAyGu0ZPEFI2Fh1U53F7tN9ufClWM5KvqkKOw==",
            "license": "MIT"
        },
        "node_modules/bootstrap": {
            "version": "5.3.7",
            "resolved": "https://registry.npmjs.org/bootstrap/-/bootstrap-5.3.7.tgz",
            "integrity": "sha512-7KgiD8UHjfcPBHEpDNg+zGz8L3LqR3GVwqZiBRFX04a1BCArZOz1r2kjly2HQ0WokqTO0v1nF+QAt8dsW4lKlw==",
            "funding": [
                {
                    "type": "github",
                    "url": "https://github.com/sponsors/twbs"
                },
                {
                    "type": "opencollective",
                    "url": "https://opencollective.com/bootstrap"
                }
            ],
            "license": "MIT",
            "peerDependencies": {
                "@popperjs/core": "^2.11.8"
            }
        },
        "node_modules/bootstrap-icons": {
            "version": "1.13.1",
            "resolved": "https://registry.npmjs.org/bootstrap-icons/-/bootstrap-icons-1.13.1.tgz",
            "integrity": "sha512-ijombt4v6bv5CLeXvRWKy7CuM3TRTuPEuGaGKvTV5cz65rQSY8RQ2JcHt6b90cBBAC7s8fsf2EkQDldzCoXUjw==",
            "funding": [
                {
                    "type": "github",
                    "url": "https://github.com/sponsors/twbs"
                },
                {
                    "type": "opencollective",
                    "url": "https://opencollective.com/bootstrap"
                }
            ],
            "license": "MIT"
        },
        "node_modules/bootstrap-table": {
            "version": "1.24.1",
            "resolved": "https://registry.npmjs.org/bootstrap-table/-/bootstrap-table-1.24.1.tgz",
            "integrity": "sha512-que7o2Z6R0I3cfwfm6qg4XnoUK9A/8162HUErFYg3fGtzjk5OjLJx6Ji9p3oKz+IAIVvBCr9sqMqujEG47k3zA==",
            "license": "MIT",
            "peerDependencies": {
                "jquery": "3"
            }
        },
        "node_modules/chart.js": {
            "version": "4.5.0",
            "resolved": "https://registry.npmjs.org/chart.js/-/chart.js-4.5.0.tgz",
            "integrity": "sha512-aYeC/jDgSEx8SHWZvANYMioYMZ2KX02W6f6uVfyteuCGcadDLcYVHdfdygsTQkQ4TKn5lghoojAsPj5pu0SnvQ==",
            "license": "MIT",
            "dependencies": {
                "@kurkle/color": "^0.3.0"
            },
            "engines": {
                "pnpm": ">=8"
            }
        },
        "node_modules/chartjs-adapter-luxon": {
            "version": "1.3.1",
            "resolved": "https://registry.npmjs.org/chartjs-adapter-luxon/-/chartjs-adapter-luxon-1.3.1.tgz",
            "integrity": "sha512-yxHov3X8y+reIibl1o+j18xzrcdddCLqsXhriV2+aQ4hCR66IYFchlRXUvrJVoxglJ380pgytU7YWtoqdIgqhg==",
            "license": "MIT",
            "peerDependencies": {
                "chart.js": ">=3.0.0",
                "luxon": ">=1.0.0"
            }
        },
        "node_modules/chartjs-plugin-zoom": {
            "version": "2.2.0",
            "resolved": "https://registry.npmjs.org/chartjs-plugin-zoom/-/chartjs-plugin-zoom-2.2.0.tgz",
            "integrity": "sha512-in6kcdiTlP6npIVLMd4zXZ08PDUXC52gZ4FAy5oyjk1zX3gKarXMAof7B9eFiisf9WOC3bh2saHg+J5WtLXZeA==",
            "license": "MIT",
            "dependencies": {
                "@types/hammerjs": "^2.0.45",
                "hammerjs": "^2.0.8"
            },
            "peerDependencies": {
                "chart.js": ">=3.2.0"
            }
        },
        "node_modules/hammerjs": {
            "version": "2.0.8",
            "resolved": "https://registry.npmjs.org/hammerjs/-/hammerjs-2.0.8.tgz",
            "integrity": "sha512-tSQXBXS/MWQOn/RKckawJ61vvsDpCom87JgxiYdGwHdOa0ht0vzUWDlfioofFCRU0L+6NGDt6XzbgoJvZkMeRQ==",
            "license": "MIT",
            "engines": {
                "node": ">=0.8.0"
            }
        },
        "node_modules/jquery": {
            "version": "3.7.1",
            "resolved": "https://registry.npmjs.org/jquery/-/jquery-3.7.1.tgz",
            "integrity": "sha512-m4avr8yL8kmFN8psrbFFFmB/If14iN5o9nw/NgnnM+kybDJpRsAynV2BsfpTYrTRysYUdADVD7CkUUizgkpLfg==",
            "license": "MIT"
        },
        "node_modules/luxon": {
            "version": "3.7.0",
            "resolved": "https://registry.npmjs.org/luxon/-/luxon-3.7.0.tgz",
            "integrity": "sha512-FWOR5aRqol+wq5WqqCj/zQ4sHIq48T0RdeNHH0oYRRY+Ds11SOSZQ89y11TyhiQ5BLZGJorlcxi4FxgBx0LNtw==",
            "license": "MIT",
            "engines": {
                "node": ">=12"
            }
        }
    }
}
